
Microsoft Visual Studio Solution File, Format Version 12.00
# Visual Studio Version 17
VisualStudioVersion = 17.7.34221.43
MinimumVisualStudioVersion = 10.0.40219.1
Project("{9A19103F-16F7-4668-BE54-9A1E7A4F7556}") = "lab2", "lab2.csproj", "{94C73AD3-B223-430A-92C0-6C9F007ACDDA}"
EndProject
Project("{FAE04EC0-301F-11D3-BF4B-00C04F79EFBC}") = "lab2_2", "..\lab2_2\lab2_2.csproj", "{9E93903D-81A1-40B8-A986-BA532707A1AC}"
EndProject
Project("{FAE04EC0-301F-11D3-BF4B-00C04F79EFBC}") = "Lab2_3", "..\Lab2_3\Lab2_3.csproj", "{D57D1024-8776-4990-8093-98BEF6DA19EB}"
EndProject
Global
	GlobalSection(SolutionConfigurationPlatforms) = preSolution
		Debug|Any CPU = Debug|Any CPU
		Release|Any CPU = Release|Any CPU
	EndGlobalSection
	GlobalSection(ProjectConfigurationPlatforms) = postSolution
		{94C73AD3-B223-430A-92C0-6C9F007ACDDA}.Debug|Any CPU.ActiveCfg = Debug|Any CPU
		{94C73AD3-B223-430A-92C0-6C9F007ACDDA}.Debug|Any CPU.Build.0 = Debug|Any CPU
		{94C73AD3-B223-430A-92C0-6C9F007ACDDA}.Release|Any CPU.ActiveCfg = Release|Any CPU
		{94C73AD3-B223-430A-92C0-6C9F007ACDDA}.Release|Any CPU.Build.0 = Release|Any CPU
		{9E93903D-81A1-40B8-A986-BA532707A1AC}.Debug|Any CPU.ActiveCfg = Debug|Any CPU
		{9E93903D-81A1-40B8-A986-BA532707A1AC}.Debug|Any CPU.Build.0 = Debug|Any CPU
		{9E93903D-81A1-40B8-A986-BA532707A1AC}.Release|Any CPU.ActiveCfg = Release|Any CPU
		{9E93903D-81A1-40B8-A986-BA532707A1AC}.Release|Any CPU.Build.0 = Release|Any CPU
		{D57D1024-8776-4990-8093-98BEF6DA19EB}.Debug|Any CPU.ActiveCfg = Debug|Any CPU
		{D57D1024-8776-4990-8093-98BEF6DA19EB}.Debug|Any CPU.Build.0 = Debug|Any CPU
		{D57D1024-8776-4990-8093-98BEF6DA19EB}.Release|Any CPU.ActiveCfg = Release|Any CPU
		{D57D1024-8776-4990-8093-98BEF6DA19EB}.Release|Any CPU.Build.0 = Release|Any CPU
	EndGlobalSection
	GlobalSection(SolutionProperties) = preSolution
		HideSolutionNode = FALSE
	EndGlobalSection
	GlobalSection(ExtensibilityGlobals) = postSolution
		SolutionGuid = {9D005A4E-9897-4001-83E5-289AA48103A2}
	EndGlobalSection
EndGlobal
